<?xml version="1.0" encoding="utf-8"?>
<Project ToolsVersion="4.0" xmlns="http://schemas.microsoft.com/developer/msbuild/2003">
  <ItemGroup>
    <Filter Include="TestMsg">
      <UniqueIdentifier>{78b56efc-b8b9-47ad-9ca3-f312e4049429}</UniqueIdentifier>
    </Filter>
    <Filter Include="System">
      <UniqueIdentifier>{4dd7e65f-ea12-4d01-8e25-082aff6af3a5}</UniqueIdentifier>
    </Filter>
  </ItemGroup>
  <ItemGroup>
    <ClCompile Include="printf.c">
      <Filter>TestMsg</Filter>
    </ClCompile>
    <ClCompile Include="TestMsgCore.c">
      <Filter>TestMsg</Filter>
    </ClCompile>
    <ClCompile Include="syscalls.c">
      <Filter>System</Filter>
    </ClCompile>
    <ClCompile Include="AHB2PCI_funcs.c" />
    <ClCompile Include="DDR_Init.c" />
    <ClCompile Include="GraphicsInit.c" />
    <ClCompile Include="main.c" />
    <ClCompile Include="Utility.c" />
  </ItemGroup>
  <ItemGroup>
    <ClInclude Include="TestMsgCore.h">
      <Filter>TestMsg</Filter>
    </ClInclude>
    <ClInclude Include="AHB2PCI_defs.h" />
    <ClInclude Include="common.h" />
    <ClInclude Include="CoreRegisters.h" />
    <ClInclude Include="GraphicsInit.h" />
    <ClInclude Include="Poleg.h" />
    <ClInclude Include="Utility.h" />
  </ItemGroup>
  <ItemGroup>
    <None Include="Linker_Core_0.ld">
      <Filter>System</Filter>
    </None>
    <None Include="Linker_Core_1.ld">
      <Filter>System</Filter>
    </None>
    <None Include="Make.bat">
      <Filter>System</Filter>
    </None>
    <None Include="startup_CA9.s">
      <Filter>System</Filter>
    </None>
  </ItemGroup>
</Project>